
Microsoft Visual Studio Solution File, Format Version 12.00
# Visual Studio Version 17
VisualStudioVersion = 17.5.33424.131
MinimumVisualStudioVersion = 10.0.40219.1
Project("{FAE04EC0-301F-11D3-BF4B-00C04F79EFBC}") = "ParanormasightChsLocalizationHelper", "ParanormasightChsLocalizationHelper.csproj", "{002D50BB-9170-484C-B138-8CB1704BDABA}"
EndProject
Global
	GlobalSection(SolutionConfigurationPlatforms) = preSolution
		Debug|Any CPU = Debug|Any CPU
		Release|Any CPU = Release|Any CPU
	EndGlobalSection
	GlobalSection(ProjectConfigurationPlatforms) = postSolution
		{002D50BB-9170-484C-B138-8CB1704BDABA}.Debug|Any CPU.ActiveCfg = Debug|Any CPU
		{002D50BB-9170-484C-B138-8CB1704BDABA}.Debug|Any CPU.Build.0 = Debug|Any CPU
		{002D50BB-9170-484C-B138-8CB1704BDABA}.Release|Any CPU.ActiveCfg = Release|Any CPU
		{002D50BB-9170-484C-B138-8CB1704BDABA}.Release|Any CPU.Build.0 = Release|Any CPU
	EndGlobalSection
	GlobalSection(SolutionProperties) = preSolution
		HideSolutionNode = FALSE
	EndGlobalSection
	GlobalSection(ExtensibilityGlobals) = postSolution
		SolutionGuid = {09D74669-AA11-4A52-B587-C20B59710177}
	EndGlobalSection
EndGlobal
